
Microsoft Visual Studio Solution File, Format Version 12.00
# Visual Studio Version 17
VisualStudioVersion = 17.12.35514.174
MinimumVisualStudioVersion = 10.0.40219.1
Project("{FAE04EC0-301F-11D3-BF4B-00C04F79EFBC}") = "Model", "Model\Model.csproj", "{5836617D-641E-4D3C-B95B-05496AAFBB47}"
EndProject
Project("{FAE04EC0-301F-11D3-BF4B-00C04F79EFBC}") = "start", "start\start.csproj", "{731F218E-2A9E-4565-BD86-9F1DE5A93DB5}"
EndProject
Project("{FAE04EC0-301F-11D3-BF4B-00C04F79EFBC}") = "Controller", "Controller\Controller.csproj", "{B409E4BE-DDE8-466D-A849-1D1DACE956C4}"
EndProject
Project("{FAE04EC0-301F-11D3-BF4B-00C04F79EFBC}") = "View", "View\View.csproj", "{F1D4820F-5D0F-46A0-90B2-B675562A8E57}"
EndProject
Global
	GlobalSection(SolutionConfigurationPlatforms) = preSolution
		Debug|Any CPU = Debug|Any CPU
		Release|Any CPU = Release|Any CPU
	EndGlobalSection
	GlobalSection(ProjectConfigurationPlatforms) = postSolution
		{5836617D-641E-4D3C-B95B-05496AAFBB47}.Debug|Any CPU.ActiveCfg = Debug|Any CPU
		{5836617D-641E-4D3C-B95B-05496AAFBB47}.Debug|Any CPU.Build.0 = Debug|Any CPU
		{5836617D-641E-4D3C-B95B-05496AAFBB47}.Release|Any CPU.ActiveCfg = Release|Any CPU
		{5836617D-641E-4D3C-B95B-05496AAFBB47}.Release|Any CPU.Build.0 = Release|Any CPU
		{731F218E-2A9E-4565-BD86-9F1DE5A93DB5}.Debug|Any CPU.ActiveCfg = Debug|Any CPU
		{731F218E-2A9E-4565-BD86-9F1DE5A93DB5}.Debug|Any CPU.Build.0 = Debug|Any CPU
		{731F218E-2A9E-4565-BD86-9F1DE5A93DB5}.Release|Any CPU.ActiveCfg = Release|Any CPU
		{731F218E-2A9E-4565-BD86-9F1DE5A93DB5}.Release|Any CPU.Build.0 = Release|Any CPU
		{B409E4BE-DDE8-466D-A849-1D1DACE956C4}.Debug|Any CPU.ActiveCfg = Debug|Any CPU
		{B409E4BE-DDE8-466D-A849-1D1DACE956C4}.Debug|Any CPU.Build.0 = Debug|Any CPU
		{B409E4BE-DDE8-466D-A849-1D1DACE956C4}.Release|Any CPU.ActiveCfg = Release|Any CPU
		{B409E4BE-DDE8-466D-A849-1D1DACE956C4}.Release|Any CPU.Build.0 = Release|Any CPU
		{F1D4820F-5D0F-46A0-90B2-B675562A8E57}.Debug|Any CPU.ActiveCfg = Debug|Any CPU
		{F1D4820F-5D0F-46A0-90B2-B675562A8E57}.Debug|Any CPU.Build.0 = Debug|Any CPU
		{F1D4820F-5D0F-46A0-90B2-B675562A8E57}.Release|Any CPU.ActiveCfg = Release|Any CPU
		{F1D4820F-5D0F-46A0-90B2-B675562A8E57}.Release|Any CPU.Build.0 = Release|Any CPU
	EndGlobalSection
	GlobalSection(SolutionProperties) = preSolution
		HideSolutionNode = FALSE
	EndGlobalSection
EndGlobal
